// !$*UTF8*$!
{
	archiveVersion = 1;
	classes = {
	};
	objectVersion = 46;
	objects = {

/* Begin PBXBuildFile section */
		1A9852941CE5E06A2D884595 /* Pods_flicks.framework in Frameworks */ = {isa = PBXBuildFile; fileRef = 1B395B09F49D2E8E97551A1D /* Pods_flicks.framework */; };
		984090581F6B3025004FA9C9 /* MovieDetailsViewController.swift in Sources */ = {isa = PBXBuildFile; fileRef = 984090571F6B3025004FA9C9 /* MovieDetailsViewController.swift */; };
		9866552C1F690B290031B8AE /* AppDelegate.swift in Sources */ = {isa = PBXBuildFile; fileRef = 9866552B1F690B290031B8AE /* AppDelegate.swift */; };
		9866552E1F690B290031B8AE /* MainViewController.swift in Sources */ = {isa = PBXBuildFile; fileRef = 9866552D1F690B290031B8AE /* MainViewController.swift */; };
		986655311F690B290031B8AE /* Main.storyboard in Resources */ = {isa = PBXBuildFile; fileRef = 9866552F1F690B290031B8AE /* Main.storyboard */; };
		986655331F690B290031B8AE /* Assets.xcassets in Resources */ = {isa = PBXBuildFile; fileRef = 986655321F690B290031B8AE /* Assets.xcassets */; };
		986655361F690B290031B8AE /* LaunchScreen.storyboard in Resources */ = {isa = PBXBuildFile; fileRef = 986655341F690B290031B8AE /* LaunchScreen.storyboard */; };
		98BF25061F69D1B200B9E25E /* MovieCell.swift in Sources */ = {isa = PBXBuildFile; fileRef = 98BF25051F69D1B200B9E25E /* MovieCell.swift */; };
/* End PBXBuildFile section */

/* Begin PBXFileReference section */
		1B395B09F49D2E8E97551A1D /* Pods_flicks.framework */ = {isa = PBXFileReference; explicitFileType = wrapper.framework; includeInIndex = 0; path = Pods_flicks.framework; sourceTree = BUILT_PRODUCTS_DIR; };
		742EAC010B270135892E0F6C /* Pods-flicks.release.xcconfig */ = {isa = PBXFileReference; includeInIndex = 1; lastKnownFileType = text.xcconfig; name = "Pods-flicks.release.xcconfig"; path = "Pods/Target Support Files/Pods-flicks/Pods-flicks.release.xcconfig"; sourceTree = "<group>"; };
		984090571F6B3025004FA9C9 /* MovieDetailsViewController.swift */ = {isa = PBXFileReference; fileEncoding = 4; lastKnownFileType = sourcecode.swift; path = MovieDetailsViewController.swift; sourceTree = "<group>"; };
		986655281F690B290031B8AE /* flicks.app */ = {isa = PBXFileReference; explicitFileType = wrapper.application; includeInIndex = 0; path = flicks.app; sourceTree = BUILT_PRODUCTS_DIR; };
		9866552B1F690B290031B8AE /* AppDelegate.swift */ = {isa = PBXFileReference; lastKnownFileType = sourcecode.swift; path = AppDelegate.swift; sourceTree = "<group>"; };
		9866552D1F690B290031B8AE /* MainViewController.swift */ = {isa = PBXFileReference; lastKnownFileType = sourcecode.swift; path = MainViewController.swift; sourceTree = "<group>"; };
		986655301F690B290031B8AE /* Base */ = {isa = PBXFileReference; lastKnownFileType = file.storyboard; name = Base; path = Base.lproj/Main.storyboard; sourceTree = "<group>"; };
		986655321F690B290031B8AE /* Assets.xcassets */ = {isa = PBXFileReference; lastKnownFileType = folder.assetcatalog; path = Assets.xcassets; sourceTree = "<group>"; };
		986655351F690B290031B8AE /* Base */ = {isa = PBXFileReference; lastKnownFileType = file.storyboard; name = Base; path = Base.lproj/LaunchScreen.storyboard; sourceTree = "<group>"; };
		986655371F690B290031B8AE /* Info.plist */ = {isa = PBXFileReference; lastKnownFileType = text.plist.xml; path = Info.plist; sourceTree = "<group>"; };
		98BF25051F69D1B200B9E25E /* MovieCell.swift */ = {isa = PBXFileReference; fileEncoding = 4; lastKnownFileType = sourcecode.swift; path = MovieCell.swift; sourceTree = "<group>"; };
		BF4A9E36C45ACC1898C5FB54 /* Pods-flicks.debug.xcconfig */ = {isa = PBXFileReference; includeInIndex = 1; lastKnownFileType = text.xcconfig; name = "Pods-flicks.debug.xcconfig"; path = "Pods/Target Support Files/Pods-flicks/Pods-flicks.debug.xcconfig"; sourceTree = "<group>"; };
/* End PBXFileReference section */

/* Begin PBXFrameworksBuildPhase section */
		986655251F690B290031B8AE /* Frameworks */ = {
			isa = PBXFrameworksBuildPhase;
			buildActionMask = 2147483647;
			files = (
				1A9852941CE5E06A2D884595 /* Pods_flicks.framework in Frameworks */,
			);
			runOnlyForDeploymentPostprocessing = 0;
		};
/* End PBXFrameworksBuildPhase section */

/* Begin PBXGroup section */
		0D9A810646B7C55912600FF8 /* Frameworks */ = {
			isa = PBXGroup;
			children = (
				1B395B09F49D2E8E97551A1D /* Pods_flicks.framework */,
			);
			name = Frameworks;
			sourceTree = "<group>";
		};
		80D662D562BCD29AD8061B0D /* Pods */ = {
			isa = PBXGroup;
			children = (
				BF4A9E36C45ACC1898C5FB54 /* Pods-flicks.debug.xcconfig */,
				742EAC010B270135892E0F6C /* Pods-flicks.release.xcconfig */,
			);
			name = Pods;
			sourceTree = "<group>";
		};
		9866551F1F690B290031B8AE = {
			isa = PBXGroup;
			children = (
				9866552A1F690B290031B8AE /* flicks */,
				986655291F690B290031B8AE /* Products */,
				80D662D562BCD29AD8061B0D /* Pods */,
				0D9A810646B7C55912600FF8 /* Frameworks */,
			);
			sourceTree = "<group>";
		};
		986655291F690B290031B8AE /* Products */ = {
			isa = PBXGroup;
			children = (
				986655281F690B290031B8AE /* flicks.app */,
			);
			name = Products;
			sourceTree = "<group>";
		};
		9866552A1F690B290031B8AE /* flicks */ = {
			isa = PBXGroup;
			children = (
				9866552B1F690B290031B8AE /* AppDelegate.swift */,
				9866552D1F690B290031B8AE /* MainViewController.swift */,
				984090571F6B3025004FA9C9 /* MovieDetailsViewController.swift */,
				9866552F1F690B290031B8AE /* Main.storyboard */,
				98BF25051F69D1B200B9E25E /* MovieCell.swift */,
				986655321F690B290031B8AE /* Assets.xcassets */,
				986655341F690B290031B8AE /* LaunchScreen.storyboard */,
				986655371F690B290031B8AE /* Info.plist */,
			);
			path = flicks;
			sourceTree = "<group>";
		};
/* End PBXGroup section */

/* Begin PBXNativeTarget section */
		986655271F690B290031B8AE /* flicks */ = {
			isa = PBXNativeTarget;
			buildConfigurationList = 9866553A1F690B290031B8AE /* Build configuration list for PBXNativeTarget "flicks" */;
			buildPhases = (
				ABBF58BEA5E184F6400371D7 /* [CP] Check Pods Manifest.lock */,
				986655241F690B290031B8AE /* Sources */,
				986655251F690B290031B8AE /* Frameworks */,
				986655261F690B290031B8AE /* Resources */,
				B7CB36863D6CADD0736E1B01 /* [CP] Embed Pods Frameworks */,
				DA52826B2BFB68967823F25A /* [CP] Copy Pods Resources */,
			);
			buildRules = (
			);
			dependencies = (
			);
			name = flicks;
			productName = flicks;
			productReference = 986655281F690B290031B8AE /* flicks.app */;
			productType = "com.apple.product-type.application";
		};
/* End PBXNativeTarget section */

/* Begin PBXProject section */
		986655201F690B290031B8AE /* Project object */ = {
			isa = PBXProject;
			attributes = {
				LastSwiftUpdateCheck = 0830;
				LastUpgradeCheck = 0830;
				ORGANIZATIONNAME = "Liqiang Ye";
				TargetAttributes = {
					986655271F690B290031B8AE = {
						CreatedOnToolsVersion = 8.3.3;
						ProvisioningStyle = Automatic;
					};
				};
			};
			buildConfigurationList = 986655231F690B290031B8AE /* Build configuration list for PBXProject "flicks" */;
			compatibilityVersion = "Xcode 3.2";
			developmentRegion = English;
			hasScannedForEncodings = 0;
			knownRegions = (
				en,
				Base,
			);
			mainGroup = 9866551F1F690B290031B8AE;
			productRefGroup = 986655291F690B290031B8AE /* Products */;
			projectDirPath = "";
			projectRoot = "";
			targets = (
				986655271F690B290031B8AE /* flicks */,
			);
		};
/* End PBXProject section */

/* Begin PBXResourcesBuildPhase section */
		986655261F690B290031B8AE /* Resources */ = {
			isa = PBXResourcesBuildPhase;
			buildActionMask = 2147483647;
			files = (
				986655361F690B290031B8AE /* LaunchScreen.storyboard in Resources */,
				986655331F690B290031B8AE /* Assets.xcassets in Resources */,
				986655311F690B290031B8AE /* Main.storyboard in Resources */,
			);
			runOnlyForDeploymentPostprocessing = 0;
		};
/* End PBXResourcesBuildPhase section */

/* Begin PBXShellScriptBuildPhase section */
		ABBF58BEA5E184F6400371D7 /* [CP] Check Pods Manifest.lock */ = {
			isa = PBXShellScriptBuildPhase;
			buildActionMask = 2147483647;
			files = (
			);
			inputPaths = (
				"${PODS_PODFILE_DIR_PATH}/Podfile.lock",
				"${PODS_ROOT}/Manifest.lock",
			);
			name = "[CP] Check Pods Manifest.lock";
			outputPaths = (
				"$(DERIVED_FILE_DIR)/Pods-flicks-checkManifestLockResult.txt",
			);
			runOnlyForDeploymentPostprocessing = 0;
			shellPath = /bin/sh;
			shellScript = "diff \"${PODS_PODFILE_DIR_PATH}/Podfile.lock\" \"${PODS_ROOT}/Manifest.lock\" > /dev/null\nif [ $? != 0 ] ; then\n    # print error to STDERR\n    echo \"error: The sandbox is not in sync with the Podfile.lock. Run 'pod install' or update your CocoaPods installation.\" >&2\n    exit 1\nfi\n# This output is used by Xcode 'outputs' to avoid re-running this script phase.\necho \"SUCCESS\" > \"${SCRIPT_OUTPUT_FILE_0}\"\n";
			showEnvVarsInLog = 0;
		};
		B7CB36863D6CADD0736E1B01 /* [CP] Embed Pods Frameworks */ = {
			isa = PBXShellScriptBuildPhase;
			buildActionMask = 2147483647;
			files = (
			);
			inputPaths = (
				"${SRCROOT}/Pods/Target Support Files/Pods-flicks/Pods-flicks-frameworks.sh",
				"${BUILT_PRODUCTS_DIR}/AFNetworking/AFNetworking.framework",
				"${BUILT_PRODUCTS_DIR}/MBProgressHUD/MBProgressHUD.framework",
			);
			name = "[CP] Embed Pods Frameworks";
			outputPaths = (
				"${TARGET_BUILD_DIR}/${FRAMEWORKS_FOLDER_PATH}/AFNetworking.framework",
				"${TARGET_BUILD_DIR}/${FRAMEWORKS_FOLDER_PATH}/MBProgressHUD.framework",
			);
			runOnlyForDeploymentPostprocessing = 0;
			shellPath = /bin/sh;
			shellScript = "\"${SRCROOT}/Pods/Target Support Files/Pods-flicks/Pods-flicks-frameworks.sh\"\n";
			showEnvVarsInLog = 0;
		};
		DA52826B2BFB68967823F25A /* [CP] Copy Pods Resources */ = {
			isa = PBXShellScriptBuildPhase;
			buildActionMask = 2147483647;
			files = (
			);
			inputPaths = (
			);
			name = "[CP] Copy Pods Resources";
			outputPaths = (
			);
			runOnlyForDeploymentPostprocessing = 0;
			shellPath = /bin/sh;
			shellScript = "\"${SRCROOT}/Pods/Target Support Files/Pods-flicks/Pods-flicks-resources.sh\"\n";
			showEnvVarsInLog = 0;
		};
/* End PBXShellScriptBuildPhase section */

/* Begin PBXSourcesBuildPhase section */
		986655241F690B290031B8AE /* Sources */ = {
			isa = PBXSourcesBuildPhase;
			buildActionMask = 2147483647;
			files = (
				984090581F6B3025004FA9C9 /* MovieDetailsViewController.swift in Sources */,
				9866552E1F690B290031B8AE /* MainViewController.swift in Sources */,
				9866552C1F690B290031B8AE /* AppDelegate.swift in Sources */,
				98BF25061F69D1B200B9E25E /* MovieCell.swift in Sources */,
			);
			runOnlyForDeploymentPostprocessing = 0;
		};
/* End PBXSourcesBuildPhase section */

/* Begin PBXVariantGroup section */
		9866552F1F690B290031B8AE /* Main.storyboard */ = {
			isa = PBXVariantGroup;
			children = (
				986655301F690B290031B8AE /* Base */,
			);
			name = Main.storyboard;
			sourceTree = "<group>";
		};
		986655341F690B290031B8AE /* LaunchScreen.storyboard */ = {
			isa = PBXVariantGroup;
			children = (
				986655351F690B290031B8AE /* Base */,
			);
			name = LaunchScreen.storyboard;
			sourceTree = "<group>";
		};
/* End PBXVariantGroup section */

/* Begin XCBuildConfiguration section */
		986655381F690B290031B8AE /* Debug */ = {
			isa = XCBuildConfiguration;
			buildSettings = {
				ALWAYS_SEARCH_USER_PATHS = NO;
				CLANG_ANALYZER_NONNULL = YES;
				CLANG_ANALYZER_NUMBER_OBJECT_CONVERSION = YES_AGGRESSIVE;
				CLANG_CXX_LANGUAGE_STANDARD = "gnu++0x";
				CLANG_CXX_LIBRARY = "libc++";
				CLANG_ENABLE_MODULES = YES;
				CLANG_ENABLE_OBJC_ARC = YES;
				CLANG_WARN_BOOL_CONVERSION = YES;
				CLANG_WARN_CONSTANT_CONVERSION = YES;
				CLANG_WARN_DIRECT_OBJC_ISA_USAGE = YES_ERROR;
				CLANG_WARN_DOCUMENTATION_COMMENTS = YES;
				CLANG_WARN_EMPTY_BODY = YES;
				CLANG_WARN_ENUM_CONVERSION = YES;
				CLANG_WARN_INFINITE_RECURSION = YES;
				CLANG_WARN_INT_CONVERSION = YES;
				CLANG_WARN_OBJC_ROOT_CLASS = YES_ERROR;
				CLANG_WARN_SUSPICIOUS_MOVE = YES;
				CLANG_WARN_UNREACHABLE_CODE = YES;
				CLANG_WARN__DUPLICATE_METHOD_MATCH = YES;
				"CODE_SIGN_IDENTITY[sdk=iphoneos*]" = "iPhone Developer";
				COPY_PHASE_STRIP = NO;
				DEBUG_INFORMATION_FORMAT = dwarf;
				ENABLE_STRICT_OBJC_MSGSEND = YES;
				ENABLE_TESTABILITY = YES;
				GCC_C_LANGUAGE_STANDARD = gnu99;
				GCC_DYNAMIC_NO_PIC = NO;
				GCC_NO_COMMON_BLOCKS = YES;
				GCC_OPTIMIZATION_LEVEL = 0;
				GCC_PREPROCESSOR_DEFINITIONS = (
					"DEBUG=1",
					"$(inherited)",
				);
				GCC_WARN_64_TO_32_BIT_CONVERSION = YES;
				GCC_WARN_ABOUT_RETURN_TYPE = YES_ERROR;
				GCC_WARN_UNDECLARED_SELECTOR = YES;
				GCC_WARN_UNINITIALIZED_AUTOS = YES_AGGRESSIVE;
				GCC_WARN_UNUSED_FUNCTION = YES;
				GCC_WARN_UNUSED_VARIABLE = YES;
				IPHONEOS_DEPLOYMENT_TARGET = 10.3;
				MTL_ENABLE_DEBUG_INFO = YES;
				ONLY_ACTIVE_ARCH = YES;
				SDKROOT = iphoneos;
				SWIFT_ACTIVE_COMPILATION_CONDITIONS = DEBUG;
				SWIFT_OPTIMIZATION_LEVEL = "-Onone";
				TARGETED_DEVICE_FAMILY = "1,2";
			};
			name = Debug;
		};
		986655391F690B290031B8AE /* Release */ = {
			isa = XCBuildConfiguration;
			buildSettings = {
				ALWAYS_SEARCH_USER_PATHS = NO;
				CLANG_ANALYZER_NONNULL = YES;
				CLANG_ANALYZER_NUMBER_OBJECT_CONVERSION = YES_AGGRESSIVE;
				CLANG_CXX_LANGUAGE_STANDARD = "gnu++0x";
				CLANG_CXX_LIBRARY = "libc++";
				CLANG_ENABLE_MODULES = YES;
				CLANG_ENABLE_OBJC_ARC = YES;
				CLANG_WARN_BOOL_CONVERSION = YES;
				CLANG_WARN_CONSTANT_CONVERSION = YES;
				CLANG_WARN_DIRECT_OBJC_ISA_USAGE = YES_ERROR;
				CLANG_WARN_DOCUMENTATION_COMMENTS = YES;
				CLANG_WARN_EMPTY_BODY = YES;
				CLANG_WARN_ENUM_CONVERSION = YES;
				CLANG_WARN_INFINITE_RECURSION = YES;
				CLANG_WARN_INT_CONVERSION = YES;
				CLANG_WARN_OBJC_ROOT_CLASS = YES_ERROR;
				CLANG_WARN_SUSPICIOUS_MOVE = YES;
				CLANG_WARN_UNREACHABLE_CODE = YES;
				CLANG_WARN__DUPLICATE_METHOD_MATCH = YES;
				"CODE_SIGN_IDENTITY[sdk=iphoneos*]" = "iPhone Developer";
				COPY_PHASE_STRIP = NO;
				DEBUG_INFORMATION_FORMAT = "dwarf-with-dsym";
				ENABLE_NS_ASSERTIONS = NO;
				ENABLE_STRICT_OBJC_MSGSEND = YES;
				GCC_C_LANGUAGE_STANDARD = gnu99;
				GCC_NO_COMMON_BLOCKS = YES;
				GCC_WARN_64_TO_32_BIT_CONVERSION = YES;
				GCC_WARN_ABOUT_RETURN_TYPE = YES_ERROR;
				GCC_WARN_UNDECLARED_SELECTOR = YES;
				GCC_WARN_UNINITIALIZED_AUTOS = YES_AGGRESSIVE;
				GCC_WARN_UNUSED_FUNCTION = YES;
				GCC_WARN_UNUSED_VARIABLE = YES;
				IPHONEOS_DEPLOYMENT_TARGET = 10.3;
				MTL_ENABLE_DEBUG_INFO = NO;
				SDKROOT = iphoneos;
				SWIFT_OPTIMIZATION_LEVEL = "-Owholemodule";
				TARGETED_DEVICE_FAMILY = "1,2";
				VALIDATE_PRODUCT = YES;
			};
			name = Release;
		};
		9866553B1F690B290031B8AE /* Debug */ = {
			isa = XCBuildConfiguration;
			baseConfigurationReference = BF4A9E36C45ACC1898C5FB54 /* Pods-flicks.debug.xcconfig */;
			buildSettings = {
				ASSETCATALOG_COMPILER_APPICON_NAME = AppIcon;
				INFOPLIST_FILE = flicks/Info.plist;
				IPHONEOS_DEPLOYMENT_TARGET = 10.3;
				LD_RUNPATH_SEARCH_PATHS = "$(inherited) @executable_path/Frameworks";
				PRODUCT_BUNDLE_IDENTIFIER = com.yeliqiang.flicks;
				PRODUCT_NAME = "$(TARGET_NAME)";
				SWIFT_VERSION = 3.0;
			};
			name = Debug;
		};
		9866553C1F690B290031B8AE /* Release */ = {
			isa = XCBuildConfiguration;
			baseConfigurationReference = 742EAC010B270135892E0F6C /* Pods-flicks.release.xcconfig */;
			buildSettings = {
				ASSETCATALOG_COMPILER_APPICON_NAME = AppIcon;
				INFOPLIST_FILE = flicks/Info.plist;
				IPHONEOS_DEPLOYMENT_TARGET = 10.3;
				LD_RUNPATH_SEARCH_PATHS = "$(inherited) @executable_path/Frameworks";
				PRODUCT_BUNDLE_IDENTIFIER = com.yeliqiang.flicks;
				PRODUCT_NAME = "$(TARGET_NAME)";
				SWIFT_VERSION = 3.0;
			};
			name = Release;
		};
/* End XCBuildConfiguration section */

/* Begin XCConfigurationList section */
		986655231F690B290031B8AE /* Build configuration list for PBXProject "flicks" */ = {
			isa = XCConfigurationList;
			buildConfigurations = (
				986655381F690B290031B8AE /* Debug */,
				986655391F690B290031B8AE /* Release */,
			);
			defaultConfigurationIsVisible = 0;
			defaultConfigurationName = Release;
		};
		9866553A1F690B290031B8AE /* Build configuration list for PBXNativeTarget "flicks" */ = {
			isa = XCConfigurationList;
			buildConfigurations = (
				9866553B1F690B290031B8AE /* Debug */,
				9866553C1F690B290031B8AE /* Release */,
			);
			defaultConfigurationIsVisible = 0;
			defaultConfigurationName = Release;
		};
/* End XCConfigurationList section */
	};
	rootObject = 986655201F690B290031B8AE /* Project object */;
}
